// !$*UTF8*$!
{
	archiveVersion = 1;
	classes = {
	};
	objectVersion = 56;
	objects = {

/* Begin PBXBuildFile section */
		691AA75F2D2AFE1A00AF4E98 /* CreatePostResponse.swift in Sources */ = {isa = PBXBuildFile; fileRef = 691AA75E2D2AFE1A00AF4E98 /* CreatePostResponse.swift */; };
		691AA7632D2AFE8700AF4E98 /* NetworkService.swift in Sources */ = {isa = PBXBuildFile; fileRef = 691AA7622D2AFE8700AF4E98 /* NetworkService.swift */; };
		691AA7652D2AFE9F00AF4E98 /* NetworkError.swift in Sources */ = {isa = PBXBuildFile; fileRef = 691AA7642D2AFE9F00AF4E98 /* NetworkError.swift */; };
		691AA7672D2AFED100AF4E98 /* CreatePostViewModel.swift in Sources */ = {isa = PBXBuildFile; fileRef = 691AA7662D2AFED100AF4E98 /* CreatePostViewModel.swift */; };
		691AA76B2D2AFF1700AF4E98 /* CreatePostView.swift in Sources */ = {isa = PBXBuildFile; fileRef = 691AA76A2D2AFF1700AF4E98 /* CreatePostView.swift */; };
		691AA76C2D2B008500AF4E98 /* CreatePostViewModel.swift in Sources */ = {isa = PBXBuildFile; fileRef = 691AA7662D2AFED100AF4E98 /* CreatePostViewModel.swift */; };
		691AA76F2D2B035D00AF4E98 /* Extension+ Color.swift in Sources */ = {isa = PBXBuildFile; fileRef = 691AA76E2D2B035D00AF4E98 /* Extension+ Color.swift */; };
		691AA7702D2B0DF400AF4E98 /* NetworkService.swift in Sources */ = {isa = PBXBuildFile; fileRef = 691AA7622D2AFE8700AF4E98 /* NetworkService.swift */; };
		691AA7712D2B0DF400AF4E98 /* NetworkService.swift in Sources */ = {isa = PBXBuildFile; fileRef = 691AA7622D2AFE8700AF4E98 /* NetworkService.swift */; };
		691AA7722D2B0E3E00AF4E98 /* Post.swift in Sources */ = {isa = PBXBuildFile; fileRef = 691F8B4E2D2AFDE6006F6761 /* Post.swift */; };
		691AA7732D2B0E3E00AF4E98 /* Post.swift in Sources */ = {isa = PBXBuildFile; fileRef = 691F8B4E2D2AFDE6006F6761 /* Post.swift */; };
		691AA7742D2B0E8100AF4E98 /* CreatePostResponse.swift in Sources */ = {isa = PBXBuildFile; fileRef = 691AA75E2D2AFE1A00AF4E98 /* CreatePostResponse.swift */; };
		691AA7752D2B0E8200AF4E98 /* CreatePostResponse.swift in Sources */ = {isa = PBXBuildFile; fileRef = 691AA75E2D2AFE1A00AF4E98 /* CreatePostResponse.swift */; };
		691AA7782D2B11B700AF4E98 /* NetworkError.swift in Sources */ = {isa = PBXBuildFile; fileRef = 691AA7642D2AFE9F00AF4E98 /* NetworkError.swift */; };
		691AA7792D2B11B700AF4E98 /* NetworkError.swift in Sources */ = {isa = PBXBuildFile; fileRef = 691AA7642D2AFE9F00AF4E98 /* NetworkError.swift */; };
		691F8B242D2AFCBB006F6761 /* POSTAPPApp.swift in Sources */ = {isa = PBXBuildFile; fileRef = 691F8B232D2AFCBB006F6761 /* POSTAPPApp.swift */; };
		691F8B282D2AFCBD006F6761 /* Assets.xcassets in Resources */ = {isa = PBXBuildFile; fileRef = 691F8B272D2AFCBD006F6761 /* Assets.xcassets */; };
		691F8B2C2D2AFCBD006F6761 /* Preview Assets.xcassets in Resources */ = {isa = PBXBuildFile; fileRef = 691F8B2B2D2AFCBD006F6761 /* Preview Assets.xcassets */; };
		691F8B362D2AFCBD006F6761 /* POSTAPPTests.swift in Sources */ = {isa = PBXBuildFile; fileRef = 691F8B352D2AFCBD006F6761 /* POSTAPPTests.swift */; };
		691F8B402D2AFCBD006F6761 /* POSTAPPUITests.swift in Sources */ = {isa = PBXBuildFile; fileRef = 691F8B3F2D2AFCBD006F6761 /* POSTAPPUITests.swift */; };
		691F8B4F2D2AFDE6006F6761 /* Post.swift in Sources */ = {isa = PBXBuildFile; fileRef = 691F8B4E2D2AFDE6006F6761 /* Post.swift */; };
/* End PBXBuildFile section */

/* Begin PBXContainerItemProxy section */
		691F8B322D2AFCBD006F6761 /* PBXContainerItemProxy */ = {
			isa = PBXContainerItemProxy;
			containerPortal = 691F8B182D2AFCBB006F6761 /* Project object */;
			proxyType = 1;
			remoteGlobalIDString = 691F8B1F2D2AFCBB006F6761;
			remoteInfo = POSTAPP;
		};
		691F8B3C2D2AFCBD006F6761 /* PBXContainerItemProxy */ = {
			isa = PBXContainerItemProxy;
			containerPortal = 691F8B182D2AFCBB006F6761 /* Project object */;
			proxyType = 1;
			remoteGlobalIDString = 691F8B1F2D2AFCBB006F6761;
			remoteInfo = POSTAPP;
		};
/* End PBXContainerItemProxy section */

/* Begin PBXFileReference section */
		691AA75E2D2AFE1A00AF4E98 /* CreatePostResponse.swift */ = {isa = PBXFileReference; lastKnownFileType = sourcecode.swift; path = CreatePostResponse.swift; sourceTree = "<group>"; };
		691AA7622D2AFE8700AF4E98 /* NetworkService.swift */ = {isa = PBXFileReference; lastKnownFileType = sourcecode.swift; path = NetworkService.swift; sourceTree = "<group>"; };
		691AA7642D2AFE9F00AF4E98 /* NetworkError.swift */ = {isa = PBXFileReference; lastKnownFileType = sourcecode.swift; path = NetworkError.swift; sourceTree = "<group>"; };
		691AA7662D2AFED100AF4E98 /* CreatePostViewModel.swift */ = {isa = PBXFileReference; lastKnownFileType = sourcecode.swift; path = CreatePostViewModel.swift; sourceTree = "<group>"; };
		691AA76A2D2AFF1700AF4E98 /* CreatePostView.swift */ = {isa = PBXFileReference; lastKnownFileType = sourcecode.swift; path = CreatePostView.swift; sourceTree = "<group>"; };
		691AA76E2D2B035D00AF4E98 /* Extension+ Color.swift */ = {isa = PBXFileReference; lastKnownFileType = sourcecode.swift; path = "Extension+ Color.swift"; sourceTree = "<group>"; };
		691AA77A2D2B1E6200AF4E98 /* Readme.md */ = {isa = PBXFileReference; lastKnownFileType = net.daringfireball.markdown; path = Readme.md; sourceTree = "<group>"; };
		691F8B202D2AFCBB006F6761 /* POSTAPP.app */ = {isa = PBXFileReference; explicitFileType = wrapper.application; includeInIndex = 0; path = POSTAPP.app; sourceTree = BUILT_PRODUCTS_DIR; };
		691F8B232D2AFCBB006F6761 /* POSTAPPApp.swift */ = {isa = PBXFileReference; lastKnownFileType = sourcecode.swift; path = POSTAPPApp.swift; sourceTree = "<group>"; };
		691F8B272D2AFCBD006F6761 /* Assets.xcassets */ = {isa = PBXFileReference; lastKnownFileType = folder.assetcatalog; path = Assets.xcassets; sourceTree = "<group>"; };
		691F8B292D2AFCBD006F6761 /* POSTAPP.entitlements */ = {isa = PBXFileReference; lastKnownFileType = text.plist.entitlements; path = POSTAPP.entitlements; sourceTree = "<group>"; };
		691F8B2B2D2AFCBD006F6761 /* Preview Assets.xcassets */ = {isa = PBXFileReference; lastKnownFileType = folder.assetcatalog; path = "Preview Assets.xcassets"; sourceTree = "<group>"; };
		691F8B312D2AFCBD006F6761 /* POSTAPPTests.xctest */ = {isa = PBXFileReference; explicitFileType = wrapper.cfbundle; includeInIndex = 0; path = POSTAPPTests.xctest; sourceTree = BUILT_PRODUCTS_DIR; };
		691F8B352D2AFCBD006F6761 /* POSTAPPTests.swift */ = {isa = PBXFileReference; lastKnownFileType = sourcecode.swift; path = POSTAPPTests.swift; sourceTree = "<group>"; };
		691F8B3B2D2AFCBD006F6761 /* POSTAPPUITests.xctest */ = {isa = PBXFileReference; explicitFileType = wrapper.cfbundle; includeInIndex = 0; path = POSTAPPUITests.xctest; sourceTree = BUILT_PRODUCTS_DIR; };
		691F8B3F2D2AFCBD006F6761 /* POSTAPPUITests.swift */ = {isa = PBXFileReference; lastKnownFileType = sourcecode.swift; path = POSTAPPUITests.swift; sourceTree = "<group>"; };
		691F8B4E2D2AFDE6006F6761 /* Post.swift */ = {isa = PBXFileReference; lastKnownFileType = sourcecode.swift; path = Post.swift; sourceTree = "<group>"; };
/* End PBXFileReference section */

/* Begin PBXFrameworksBuildPhase section */
		691F8B1D2D2AFCBB006F6761 /* Frameworks */ = {
			isa = PBXFrameworksBuildPhase;
			buildActionMask = 2147483647;
			files = (
			);
			runOnlyForDeploymentPostprocessing = 0;
		};
		691F8B2E2D2AFCBD006F6761 /* Frameworks */ = {
			isa = PBXFrameworksBuildPhase;
			buildActionMask = 2147483647;
			files = (
			);
			runOnlyForDeploymentPostprocessing = 0;
		};
		691F8B382D2AFCBD006F6761 /* Frameworks */ = {
			isa = PBXFrameworksBuildPhase;
			buildActionMask = 2147483647;
			files = (
			);
			runOnlyForDeploymentPostprocessing = 0;
		};
/* End PBXFrameworksBuildPhase section */

/* Begin PBXGroup section */
		691AA7602D2AFE2800AF4E98 /* Models */ = {
			isa = PBXGroup;
			children = (
				691AA75E2D2AFE1A00AF4E98 /* CreatePostResponse.swift */,
				691F8B4E2D2AFDE6006F6761 /* Post.swift */,
			);
			path = Models;
			sourceTree = "<group>";
		};
		691AA7612D2AFE6300AF4E98 /* Red */ = {
			isa = PBXGroup;
			children = (
				691AA7622D2AFE8700AF4E98 /* NetworkService.swift */,
				691AA7642D2AFE9F00AF4E98 /* NetworkError.swift */,
			);
			path = Red;
			sourceTree = "<group>";
		};
		691AA7682D2AFEE100AF4E98 /* ViewModel */ = {
			isa = PBXGroup;
			children = (
				691AA7662D2AFED100AF4E98 /* CreatePostViewModel.swift */,
			);
			path = ViewModel;
			sourceTree = "<group>";
		};
		691AA7692D2AFF0900AF4E98 /* View */ = {
			isa = PBXGroup;
			children = (
				691AA76A2D2AFF1700AF4E98 /* CreatePostView.swift */,
			);
			path = View;
			sourceTree = "<group>";
		};
		691AA76D2D2B032900AF4E98 /* Helpers */ = {
			isa = PBXGroup;
			children = (
				691AA76E2D2B035D00AF4E98 /* Extension+ Color.swift */,
			);
			path = Helpers;
			sourceTree = "<group>";
		};
		691F8B172D2AFCBB006F6761 = {
			isa = PBXGroup;
			children = (
				691F8B222D2AFCBB006F6761 /* POSTAPP */,
				691F8B342D2AFCBD006F6761 /* POSTAPPTests */,
				691F8B3E2D2AFCBD006F6761 /* POSTAPPUITests */,
				691F8B212D2AFCBB006F6761 /* Products */,
			);
			sourceTree = "<group>";
		};
		691F8B212D2AFCBB006F6761 /* Products */ = {
			isa = PBXGroup;
			children = (
				691F8B202D2AFCBB006F6761 /* POSTAPP.app */,
				691F8B312D2AFCBD006F6761 /* POSTAPPTests.xctest */,
				691F8B3B2D2AFCBD006F6761 /* POSTAPPUITests.xctest */,
			);
			name = Products;
			sourceTree = "<group>";
		};
		691F8B222D2AFCBB006F6761 /* POSTAPP */ = {
			isa = PBXGroup;
			children = (
				691F8B232D2AFCBB006F6761 /* POSTAPPApp.swift */,
				691AA76D2D2B032900AF4E98 /* Helpers */,
				691AA7692D2AFF0900AF4E98 /* View */,
				691AA7612D2AFE6300AF4E98 /* Red */,
				691AA7682D2AFEE100AF4E98 /* ViewModel */,
				691AA7602D2AFE2800AF4E98 /* Models */,
				691F8B272D2AFCBD006F6761 /* Assets.xcassets */,
				691F8B292D2AFCBD006F6761 /* POSTAPP.entitlements */,
				691F8B2A2D2AFCBD006F6761 /* Preview Content */,
				691AA77A2D2B1E6200AF4E98 /* Readme.md */,
			);
			path = POSTAPP;
			sourceTree = "<group>";
		};
		691F8B2A2D2AFCBD006F6761 /* Preview Content */ = {
			isa = PBXGroup;
			children = (
				691F8B2B2D2AFCBD006F6761 /* Preview Assets.xcassets */,
			);
			path = "Preview Content";
			sourceTree = "<group>";
		};
		691F8B342D2AFCBD006F6761 /* POSTAPPTests */ = {
			isa = PBXGroup;
			children = (
				691F8B352D2AFCBD006F6761 /* POSTAPPTests.swift */,
			);
			path = POSTAPPTests;
			sourceTree = "<group>";
		};
		691F8B3E2D2AFCBD006F6761 /* POSTAPPUITests */ = {
			isa = PBXGroup;
			children = (
				691F8B3F2D2AFCBD006F6761 /* POSTAPPUITests.swift */,
			);
			path = POSTAPPUITests;
			sourceTree = "<group>";
		};
/* End PBXGroup section */

/* Begin PBXNativeTarget section */
		691F8B1F2D2AFCBB006F6761 /* POSTAPP */ = {
			isa = PBXNativeTarget;
			buildConfigurationList = 691F8B452D2AFCBD006F6761 /* Build configuration list for PBXNativeTarget "POSTAPP" */;
			buildPhases = (
				691F8B1C2D2AFCBB006F6761 /* Sources */,
				691F8B1D2D2AFCBB006F6761 /* Frameworks */,
				691F8B1E2D2AFCBB006F6761 /* Resources */,
			);
			buildRules = (
			);
			dependencies = (
			);
			name = POSTAPP;
			productName = POSTAPP;
			productReference = 691F8B202D2AFCBB006F6761 /* POSTAPP.app */;
			productType = "com.apple.product-type.application";
		};
		691F8B302D2AFCBD006F6761 /* POSTAPPTests */ = {
			isa = PBXNativeTarget;
			buildConfigurationList = 691F8B482D2AFCBD006F6761 /* Build configuration list for PBXNativeTarget "POSTAPPTests" */;
			buildPhases = (
				691F8B2D2D2AFCBD006F6761 /* Sources */,
				691F8B2E2D2AFCBD006F6761 /* Frameworks */,
				691F8B2F2D2AFCBD006F6761 /* Resources */,
			);
			buildRules = (
			);
			dependencies = (
				691F8B332D2AFCBD006F6761 /* PBXTargetDependency */,
			);
			name = POSTAPPTests;
			productName = POSTAPPTests;
			productReference = 691F8B312D2AFCBD006F6761 /* POSTAPPTests.xctest */;
			productType = "com.apple.product-type.bundle.unit-test";
		};
		691F8B3A2D2AFCBD006F6761 /* POSTAPPUITests */ = {
			isa = PBXNativeTarget;
			buildConfigurationList = 691F8B4B2D2AFCBD006F6761 /* Build configuration list for PBXNativeTarget "POSTAPPUITests" */;
			buildPhases = (
				691F8B372D2AFCBD006F6761 /* Sources */,
				691F8B382D2AFCBD006F6761 /* Frameworks */,
				691F8B392D2AFCBD006F6761 /* Resources */,
			);
			buildRules = (
			);
			dependencies = (
				691F8B3D2D2AFCBD006F6761 /* PBXTargetDependency */,
			);
			name = POSTAPPUITests;
			productName = POSTAPPUITests;
			productReference = 691F8B3B2D2AFCBD006F6761 /* POSTAPPUITests.xctest */;
			productType = "com.apple.product-type.bundle.ui-testing";
		};
/* End PBXNativeTarget section */

/* Begin PBXProject section */
		691F8B182D2AFCBB006F6761 /* Project object */ = {
			isa = PBXProject;
			attributes = {
				BuildIndependentTargetsInParallel = 1;
				LastSwiftUpdateCheck = 1540;
				LastUpgradeCheck = 1540;
				TargetAttributes = {
					691F8B1F2D2AFCBB006F6761 = {
						CreatedOnToolsVersion = 15.4;
					};
					691F8B302D2AFCBD006F6761 = {
						CreatedOnToolsVersion = 15.4;
						TestTargetID = 691F8B1F2D2AFCBB006F6761;
					};
					691F8B3A2D2AFCBD006F6761 = {
						CreatedOnToolsVersion = 15.4;
						TestTargetID = 691F8B1F2D2AFCBB006F6761;
					};
				};
			};
			buildConfigurationList = 691F8B1B2D2AFCBB006F6761 /* Build configuration list for PBXProject "POSTAPP" */;
			compatibilityVersion = "Xcode 14.0";
			developmentRegion = en;
			hasScannedForEncodings = 0;
			knownRegions = (
				en,
				Base,
			);
			mainGroup = 691F8B172D2AFCBB006F6761;
			productRefGroup = 691F8B212D2AFCBB006F6761 /* Products */;
			projectDirPath = "";
			projectRoot = "";
			targets = (
				691F8B1F2D2AFCBB006F6761 /* POSTAPP */,
				691F8B302D2AFCBD006F6761 /* POSTAPPTests */,
				691F8B3A2D2AFCBD006F6761 /* POSTAPPUITests */,
			);
		};
/* End PBXProject section */

/* Begin PBXResourcesBuildPhase section */
		691F8B1E2D2AFCBB006F6761 /* Resources */ = {
			isa = PBXResourcesBuildPhase;
			buildActionMask = 2147483647;
			files = (
				691F8B2C2D2AFCBD006F6761 /* Preview Assets.xcassets in Resources */,
				691F8B282D2AFCBD006F6761 /* Assets.xcassets in Resources */,
			);
			runOnlyForDeploymentPostprocessing = 0;
		};
		691F8B2F2D2AFCBD006F6761 /* Resources */ = {
			isa = PBXResourcesBuildPhase;
			buildActionMask = 2147483647;
			files = (
			);
			runOnlyForDeploymentPostprocessing = 0;
		};
		691F8B392D2AFCBD006F6761 /* Resources */ = {
			isa = PBXResourcesBuildPhase;
			buildActionMask = 2147483647;
			files = (
			);
			runOnlyForDeploymentPostprocessing = 0;
		};
/* End PBXResourcesBuildPhase section */

/* Begin PBXSourcesBuildPhase section */
		691F8B1C2D2AFCBB006F6761 /* Sources */ = {
			isa = PBXSourcesBuildPhase;
			buildActionMask = 2147483647;
			files = (
				691AA7632D2AFE8700AF4E98 /* NetworkService.swift in Sources */,
				691AA75F2D2AFE1A00AF4E98 /* CreatePostResponse.swift in Sources */,
				691F8B4F2D2AFDE6006F6761 /* Post.swift in Sources */,
				691AA7652D2AFE9F00AF4E98 /* NetworkError.swift in Sources */,
				691AA76B2D2AFF1700AF4E98 /* CreatePostView.swift in Sources */,
				691AA7672D2AFED100AF4E98 /* CreatePostViewModel.swift in Sources */,
				691AA76F2D2B035D00AF4E98 /* Extension+ Color.swift in Sources */,
				691F8B242D2AFCBB006F6761 /* POSTAPPApp.swift in Sources */,
			);
			runOnlyForDeploymentPostprocessing = 0;
		};
		691F8B2D2D2AFCBD006F6761 /* Sources */ = {
			isa = PBXSourcesBuildPhase;
			buildActionMask = 2147483647;
			files = (
				691AA7742D2B0E8100AF4E98 /* CreatePostResponse.swift in Sources */,
				691AA7722D2B0E3E00AF4E98 /* Post.swift in Sources */,
				691AA7712D2B0DF400AF4E98 /* NetworkService.swift in Sources */,
				691F8B362D2AFCBD006F6761 /* POSTAPPTests.swift in Sources */,
				691AA7782D2B11B700AF4E98 /* NetworkError.swift in Sources */,
			);
			runOnlyForDeploymentPostprocessing = 0;
		};
		691F8B372D2AFCBD006F6761 /* Sources */ = {
			isa = PBXSourcesBuildPhase;
			buildActionMask = 2147483647;
			files = (
				691AA7792D2B11B700AF4E98 /* NetworkError.swift in Sources */,
				691F8B402D2AFCBD006F6761 /* POSTAPPUITests.swift in Sources */,
				691AA7752D2B0E8200AF4E98 /* CreatePostResponse.swift in Sources */,
				691AA7702D2B0DF400AF4E98 /* NetworkService.swift in Sources */,
				691AA76C2D2B008500AF4E98 /* CreatePostViewModel.swift in Sources */,
				691AA7732D2B0E3E00AF4E98 /* Post.swift in Sources */,
			);
			runOnlyForDeploymentPostprocessing = 0;
		};
/* End PBXSourcesBuildPhase section */

/* Begin PBXTargetDependency section */
		691F8B332D2AFCBD006F6761 /* PBXTargetDependency */ = {
			isa = PBXTargetDependency;
			target = 691F8B1F2D2AFCBB006F6761 /* POSTAPP */;
			targetProxy = 691F8B322D2AFCBD006F6761 /* PBXContainerItemProxy */;
		};
		691F8B3D2D2AFCBD006F6761 /* PBXTargetDependency */ = {
			isa = PBXTargetDependency;
			target = 691F8B1F2D2AFCBB006F6761 /* POSTAPP */;
			targetProxy = 691F8B3C2D2AFCBD006F6761 /* PBXContainerItemProxy */;
		};
/* End PBXTargetDependency section */

/* Begin XCBuildConfiguration section */
		691F8B432D2AFCBD006F6761 /* Debug */ = {
			isa = XCBuildConfiguration;
			buildSettings = {
				ALWAYS_SEARCH_USER_PATHS = NO;
				ASSETCATALOG_COMPILER_GENERATE_SWIFT_ASSET_SYMBOL_EXTENSIONS = YES;
				CLANG_ANALYZER_NONNULL = YES;
				CLANG_ANALYZER_NUMBER_OBJECT_CONVERSION = YES_AGGRESSIVE;
				CLANG_CXX_LANGUAGE_STANDARD = "gnu++20";
				CLANG_ENABLE_MODULES = YES;
				CLANG_ENABLE_OBJC_ARC = YES;
				CLANG_ENABLE_OBJC_WEAK = YES;
				CLANG_WARN_BLOCK_CAPTURE_AUTORELEASING = YES;
				CLANG_WARN_BOOL_CONVERSION = YES;
				CLANG_WARN_COMMA = YES;
				CLANG_WARN_CONSTANT_CONVERSION = YES;
				CLANG_WARN_DEPRECATED_OBJC_IMPLEMENTATIONS = YES;
				CLANG_WARN_DIRECT_OBJC_ISA_USAGE = YES_ERROR;
				CLANG_WARN_DOCUMENTATION_COMMENTS = YES;
				CLANG_WARN_EMPTY_BODY = YES;
				CLANG_WARN_ENUM_CONVERSION = YES;
				CLANG_WARN_INFINITE_RECURSION = YES;
				CLANG_WARN_INT_CONVERSION = YES;
				CLANG_WARN_NON_LITERAL_NULL_CONVERSION = YES;
				CLANG_WARN_OBJC_IMPLICIT_RETAIN_SELF = YES;
				CLANG_WARN_OBJC_LITERAL_CONVERSION = YES;
				CLANG_WARN_OBJC_ROOT_CLASS = YES_ERROR;
				CLANG_WARN_QUOTED_INCLUDE_IN_FRAMEWORK_HEADER = YES;
				CLANG_WARN_RANGE_LOOP_ANALYSIS = YES;
				CLANG_WARN_STRICT_PROTOTYPES = YES;
				CLANG_WARN_SUSPICIOUS_MOVE = YES;
				CLANG_WARN_UNGUARDED_AVAILABILITY = YES_AGGRESSIVE;
				CLANG_WARN_UNREACHABLE_CODE = YES;
				CLANG_WARN__DUPLICATE_METHOD_MATCH = YES;
				COPY_PHASE_STRIP = NO;
				DEBUG_INFORMATION_FORMAT = dwarf;
				ENABLE_STRICT_OBJC_MSGSEND = YES;
				ENABLE_TESTABILITY = YES;
				ENABLE_USER_SCRIPT_SANDBOXING = YES;
				GCC_C_LANGUAGE_STANDARD = gnu17;
				GCC_DYNAMIC_NO_PIC = NO;
				GCC_NO_COMMON_BLOCKS = YES;
				GCC_OPTIMIZATION_LEVEL = 0;
				GCC_PREPROCESSOR_DEFINITIONS = (
					"DEBUG=1",
					"$(inherited)",
				);
				GCC_WARN_64_TO_32_BIT_CONVERSION = YES;
				GCC_WARN_ABOUT_RETURN_TYPE = YES_ERROR;
				GCC_WARN_UNDECLARED_SELECTOR = YES;
				GCC_WARN_UNINITIALIZED_AUTOS = YES_AGGRESSIVE;
				GCC_WARN_UNUSED_FUNCTION = YES;
				GCC_WARN_UNUSED_VARIABLE = YES;
				LOCALIZATION_PREFERS_STRING_CATALOGS = YES;
				MTL_ENABLE_DEBUG_INFO = INCLUDE_SOURCE;
				MTL_FAST_MATH = YES;
				ONLY_ACTIVE_ARCH = YES;
				SWIFT_ACTIVE_COMPILATION_CONDITIONS = "DEBUG $(inherited)";
				SWIFT_OPTIMIZATION_LEVEL = "-Onone";
			};
			name = Debug;
		};
		691F8B442D2AFCBD006F6761 /* Release */ = {
			isa = XCBuildConfiguration;
			buildSettings = {
				ALWAYS_SEARCH_USER_PATHS = NO;
				ASSETCATALOG_COMPILER_GENERATE_SWIFT_ASSET_SYMBOL_EXTENSIONS = YES;
				CLANG_ANALYZER_NONNULL = YES;
				CLANG_ANALYZER_NUMBER_OBJECT_CONVERSION = YES_AGGRESSIVE;
				CLANG_CXX_LANGUAGE_STANDARD = "gnu++20";
				CLANG_ENABLE_MODULES = YES;
				CLANG_ENABLE_OBJC_ARC = YES;
				CLANG_ENABLE_OBJC_WEAK = YES;
				CLANG_WARN_BLOCK_CAPTURE_AUTORELEASING = YES;
				CLANG_WARN_BOOL_CONVERSION = YES;
				CLANG_WARN_COMMA = YES;
				CLANG_WARN_CONSTANT_CONVERSION = YES;
				CLANG_WARN_DEPRECATED_OBJC_IMPLEMENTATIONS = YES;
				CLANG_WARN_DIRECT_OBJC_ISA_USAGE = YES_ERROR;
				CLANG_WARN_DOCUMENTATION_COMMENTS = YES;
				CLANG_WARN_EMPTY_BODY = YES;
				CLANG_WARN_ENUM_CONVERSION = YES;
				CLANG_WARN_INFINITE_RECURSION = YES;
				CLANG_WARN_INT_CONVERSION = YES;
				CLANG_WARN_NON_LITERAL_NULL_CONVERSION = YES;
				CLANG_WARN_OBJC_IMPLICIT_RETAIN_SELF = YES;
				CLANG_WARN_OBJC_LITERAL_CONVERSION = YES;
				CLANG_WARN_OBJC_ROOT_CLASS = YES_ERROR;
				CLANG_WARN_QUOTED_INCLUDE_IN_FRAMEWORK_HEADER = YES;
				CLANG_WARN_RANGE_LOOP_ANALYSIS = YES;
				CLANG_WARN_STRICT_PROTOTYPES = YES;
				CLANG_WARN_SUSPICIOUS_MOVE = YES;
				CLANG_WARN_UNGUARDED_AVAILABILITY = YES_AGGRESSIVE;
				CLANG_WARN_UNREACHABLE_CODE = YES;
				CLANG_WARN__DUPLICATE_METHOD_MATCH = YES;
				COPY_PHASE_STRIP = NO;
				DEBUG_INFORMATION_FORMAT = "dwarf-with-dsym";
				ENABLE_NS_ASSERTIONS = NO;
				ENABLE_STRICT_OBJC_MSGSEND = YES;
				ENABLE_USER_SCRIPT_SANDBOXING = YES;
				GCC_C_LANGUAGE_STANDARD = gnu17;
				GCC_NO_COMMON_BLOCKS = YES;
				GCC_WARN_64_TO_32_BIT_CONVERSION = YES;
				GCC_WARN_ABOUT_RETURN_TYPE = YES_ERROR;
				GCC_WARN_UNDECLARED_SELECTOR = YES;
				GCC_WARN_UNINITIALIZED_AUTOS = YES_AGGRESSIVE;
				GCC_WARN_UNUSED_FUNCTION = YES;
				GCC_WARN_UNUSED_VARIABLE = YES;
				LOCALIZATION_PREFERS_STRING_CATALOGS = YES;
				MTL_ENABLE_DEBUG_INFO = NO;
				MTL_FAST_MATH = YES;
				SWIFT_COMPILATION_MODE = wholemodule;
			};
			name = Release;
		};
		691F8B462D2AFCBD006F6761 /* Debug */ = {
			isa = XCBuildConfiguration;
			buildSettings = {
				ASSETCATALOG_COMPILER_APPICON_NAME = AppIcon;
				ASSETCATALOG_COMPILER_GLOBAL_ACCENT_COLOR_NAME = AccentColor;
				CODE_SIGN_ENTITLEMENTS = POSTAPP/POSTAPP.entitlements;
				CODE_SIGN_STYLE = Automatic;
				CURRENT_PROJECT_VERSION = 1;
				DEVELOPMENT_ASSET_PATHS = "\"POSTAPP/Preview Content\"";
				DEVELOPMENT_TEAM = 9G888JR76L;
				ENABLE_HARDENED_RUNTIME = YES;
				ENABLE_PREVIEWS = YES;
				GENERATE_INFOPLIST_FILE = YES;
				"INFOPLIST_KEY_UIApplicationSceneManifest_Generation[sdk=iphoneos*]" = YES;
				"INFOPLIST_KEY_UIApplicationSceneManifest_Generation[sdk=iphonesimulator*]" = YES;
				"INFOPLIST_KEY_UIApplicationSupportsIndirectInputEvents[sdk=iphoneos*]" = YES;
				"INFOPLIST_KEY_UIApplicationSupportsIndirectInputEvents[sdk=iphonesimulator*]" = YES;
				"INFOPLIST_KEY_UILaunchScreen_Generation[sdk=iphoneos*]" = YES;
				"INFOPLIST_KEY_UILaunchScreen_Generation[sdk=iphonesimulator*]" = YES;
				"INFOPLIST_KEY_UIStatusBarStyle[sdk=iphoneos*]" = UIStatusBarStyleDefault;
				"INFOPLIST_KEY_UIStatusBarStyle[sdk=iphonesimulator*]" = UIStatusBarStyleDefault;
				INFOPLIST_KEY_UISupportedInterfaceOrientations_iPad = "UIInterfaceOrientationPortrait UIInterfaceOrientationPortraitUpsideDown UIInterfaceOrientationLandscapeLeft UIInterfaceOrientationLandscapeRight";
				INFOPLIST_KEY_UISupportedInterfaceOrientations_iPhone = "UIInterfaceOrientationPortrait UIInterfaceOrientationLandscapeLeft UIInterfaceOrientationLandscapeRight";
				IPHONEOS_DEPLOYMENT_TARGET = 17.5;
				LD_RUNPATH_SEARCH_PATHS = "@executable_path/Frameworks";
				"LD_RUNPATH_SEARCH_PATHS[sdk=macosx*]" = "@executable_path/../Frameworks";
				MACOSX_DEPLOYMENT_TARGET = 14.5;
				MARKETING_VERSION = 1.0;
				PRODUCT_BUNDLE_IDENTIFIER = com.jairramirezgaston.POSTAPP;
				PRODUCT_NAME = "$(TARGET_NAME)";
				SDKROOT = auto;
				SUPPORTED_PLATFORMS = "iphoneos iphonesimulator macosx";
				SWIFT_EMIT_LOC_STRINGS = YES;
				SWIFT_VERSION = 5.0;
				TARGETED_DEVICE_FAMILY = "1,2";
			};
			name = Debug;
		};
		691F8B472D2AFCBD006F6761 /* Release */ = {
			isa = XCBuildConfiguration;
			buildSettings = {
				ASSETCATALOG_COMPILER_APPICON_NAME = AppIcon;
				ASSETCATALOG_COMPILER_GLOBAL_ACCENT_COLOR_NAME = AccentColor;
				CODE_SIGN_ENTITLEMENTS = POSTAPP/POSTAPP.entitlements;
				CODE_SIGN_STYLE = Automatic;
				CURRENT_PROJECT_VERSION = 1;
				DEVELOPMENT_ASSET_PATHS = "\"POSTAPP/Preview Content\"";
				DEVELOPMENT_TEAM = 9G888JR76L;
				ENABLE_HARDENED_RUNTIME = YES;
				ENABLE_PREVIEWS = YES;
				GENERATE_INFOPLIST_FILE = YES;
				"INFOPLIST_KEY_UIApplicationSceneManifest_Generation[sdk=iphoneos*]" = YES;
				"INFOPLIST_KEY_UIApplicationSceneManifest_Generation[sdk=iphonesimulator*]" = YES;
				"INFOPLIST_KEY_UIApplicationSupportsIndirectInputEvents[sdk=iphoneos*]" = YES;
				"INFOPLIST_KEY_UIApplicationSupportsIndirectInputEvents[sdk=iphonesimulator*]" = YES;
				"INFOPLIST_KEY_UILaunchScreen_Generation[sdk=iphoneos*]" = YES;
				"INFOPLIST_KEY_UILaunchScreen_Generation[sdk=iphonesimulator*]" = YES;
				"INFOPLIST_KEY_UIStatusBarStyle[sdk=iphoneos*]" = UIStatusBarStyleDefault;
				"INFOPLIST_KEY_UIStatusBarStyle[sdk=iphonesimulator*]" = UIStatusBarStyleDefault;
				INFOPLIST_KEY_UISupportedInterfaceOrientations_iPad = "UIInterfaceOrientationPortrait UIInterfaceOrientationPortraitUpsideDown UIInterfaceOrientationLandscapeLeft UIInterfaceOrientationLandscapeRight";
				INFOPLIST_KEY_UISupportedInterfaceOrientations_iPhone = "UIInterfaceOrientationPortrait UIInterfaceOrientationLandscapeLeft UIInterfaceOrientationLandscapeRight";
				IPHONEOS_DEPLOYMENT_TARGET = 17.5;
				LD_RUNPATH_SEARCH_PATHS = "@executable_path/Frameworks";
				"LD_RUNPATH_SEARCH_PATHS[sdk=macosx*]" = "@executable_path/../Frameworks";
				MACOSX_DEPLOYMENT_TARGET = 14.5;
				MARKETING_VERSION = 1.0;
				PRODUCT_BUNDLE_IDENTIFIER = com.jairramirezgaston.POSTAPP;
				PRODUCT_NAME = "$(TARGET_NAME)";
				SDKROOT = auto;
				SUPPORTED_PLATFORMS = "iphoneos iphonesimulator macosx";
				SWIFT_EMIT_LOC_STRINGS = YES;
				SWIFT_VERSION = 5.0;
				TARGETED_DEVICE_FAMILY = "1,2";
			};
			name = Release;
		};
		691F8B492D2AFCBD006F6761 /* Debug */ = {
			isa = XCBuildConfiguration;
			buildSettings = {
				ALWAYS_EMBED_SWIFT_STANDARD_LIBRARIES = YES;
				BUNDLE_LOADER = "$(TEST_HOST)";
				CODE_SIGN_STYLE = Automatic;
				CURRENT_PROJECT_VERSION = 1;
				DEVELOPMENT_TEAM = 9G888JR76L;
				GENERATE_INFOPLIST_FILE = YES;
				IPHONEOS_DEPLOYMENT_TARGET = 17.5;
				MACOSX_DEPLOYMENT_TARGET = 14.5;
				MARKETING_VERSION = 1.0;
				PRODUCT_BUNDLE_IDENTIFIER = com.jairramirezgaston.POSTAPPTests;
				PRODUCT_NAME = "$(TARGET_NAME)";
				SDKROOT = auto;
				SUPPORTED_PLATFORMS = "iphoneos iphonesimulator macosx";
				SWIFT_EMIT_LOC_STRINGS = NO;
				SWIFT_VERSION = 5.0;
				TARGETED_DEVICE_FAMILY = "1,2";
				TEST_HOST = "$(BUILT_PRODUCTS_DIR)/POSTAPP.app/$(BUNDLE_EXECUTABLE_FOLDER_PATH)/POSTAPP";
			};
			name = Debug;
		};
		691F8B4A2D2AFCBD006F6761 /* Release */ = {
			isa = XCBuildConfiguration;
			buildSettings = {
				ALWAYS_EMBED_SWIFT_STANDARD_LIBRARIES = YES;
				BUNDLE_LOADER = "$(TEST_HOST)";
				CODE_SIGN_STYLE = Automatic;
				CURRENT_PROJECT_VERSION = 1;
				DEVELOPMENT_TEAM = 9G888JR76L;
				GENERATE_INFOPLIST_FILE = YES;
				IPHONEOS_DEPLOYMENT_TARGET = 17.5;
				MACOSX_DEPLOYMENT_TARGET = 14.5;
				MARKETING_VERSION = 1.0;
				PRODUCT_BUNDLE_IDENTIFIER = com.jairramirezgaston.POSTAPPTests;
				PRODUCT_NAME = "$(TARGET_NAME)";
				SDKROOT = auto;
				SUPPORTED_PLATFORMS = "iphoneos iphonesimulator macosx";
				SWIFT_EMIT_LOC_STRINGS = NO;
				SWIFT_VERSION = 5.0;
				TARGETED_DEVICE_FAMILY = "1,2";
				TEST_HOST = "$(BUILT_PRODUCTS_DIR)/POSTAPP.app/$(BUNDLE_EXECUTABLE_FOLDER_PATH)/POSTAPP";
			};
			name = Release;
		};
		691F8B4C2D2AFCBD006F6761 /* Debug */ = {
			isa = XCBuildConfiguration;
			buildSettings = {
				ALWAYS_EMBED_SWIFT_STANDARD_LIBRARIES = YES;
				CODE_SIGN_STYLE = Automatic;
				CURRENT_PROJECT_VERSION = 1;
				DEVELOPMENT_TEAM = 9G888JR76L;
				GENERATE_INFOPLIST_FILE = YES;
				IPHONEOS_DEPLOYMENT_TARGET = 17.5;
				MACOSX_DEPLOYMENT_TARGET = 14.5;
				MARKETING_VERSION = 1.0;
				PRODUCT_BUNDLE_IDENTIFIER = com.jairramirezgaston.POSTAPPUITests;
				PRODUCT_NAME = "$(TARGET_NAME)";
				SDKROOT = auto;
				SUPPORTED_PLATFORMS = "iphoneos iphonesimulator macosx";
				SWIFT_EMIT_LOC_STRINGS = NO;
				SWIFT_VERSION = 5.0;
				TARGETED_DEVICE_FAMILY = "1,2";
				TEST_TARGET_NAME = POSTAPP;
			};
			name = Debug;
		};
		691F8B4D2D2AFCBD006F6761 /* Release */ = {
			isa = XCBuildConfiguration;
			buildSettings = {
				ALWAYS_EMBED_SWIFT_STANDARD_LIBRARIES = YES;
				CODE_SIGN_STYLE = Automatic;
				CURRENT_PROJECT_VERSION = 1;
				DEVELOPMENT_TEAM = 9G888JR76L;
				GENERATE_INFOPLIST_FILE = YES;
				IPHONEOS_DEPLOYMENT_TARGET = 17.5;
				MACOSX_DEPLOYMENT_TARGET = 14.5;
				MARKETING_VERSION = 1.0;
				PRODUCT_BUNDLE_IDENTIFIER = com.jairramirezgaston.POSTAPPUITests;
				PRODUCT_NAME = "$(TARGET_NAME)";
				SDKROOT = auto;
				SUPPORTED_PLATFORMS = "iphoneos iphonesimulator macosx";
				SWIFT_EMIT_LOC_STRINGS = NO;
				SWIFT_VERSION = 5.0;
				TARGETED_DEVICE_FAMILY = "1,2";
				TEST_TARGET_NAME = POSTAPP;
			};
			name = Release;
		};
/* End XCBuildConfiguration section */

/* Begin XCConfigurationList section */
		691F8B1B2D2AFCBB006F6761 /* Build configuration list for PBXProject "POSTAPP" */ = {
			isa = XCConfigurationList;
			buildConfigurations = (
				691F8B432D2AFCBD006F6761 /* Debug */,
				691F8B442D2AFCBD006F6761 /* Release */,
			);
			defaultConfigurationIsVisible = 0;
			defaultConfigurationName = Release;
		};
		691F8B452D2AFCBD006F6761 /* Build configuration list for PBXNativeTarget "POSTAPP" */ = {
			isa = XCConfigurationList;
			buildConfigurations = (
				691F8B462D2AFCBD006F6761 /* Debug */,
				691F8B472D2AFCBD006F6761 /* Release */,
			);
			defaultConfigurationIsVisible = 0;
			defaultConfigurationName = Release;
		};
		691F8B482D2AFCBD006F6761 /* Build configuration list for PBXNativeTarget "POSTAPPTests" */ = {
			isa = XCConfigurationList;
			buildConfigurations = (
				691F8B492D2AFCBD006F6761 /* Debug */,
				691F8B4A2D2AFCBD006F6761 /* Release */,
			);
			defaultConfigurationIsVisible = 0;
			defaultConfigurationName = Release;
		};
		691F8B4B2D2AFCBD006F6761 /* Build configuration list for PBXNativeTarget "POSTAPPUITests" */ = {
			isa = XCConfigurationList;
			buildConfigurations = (
				691F8B4C2D2AFCBD006F6761 /* Debug */,
				691F8B4D2D2AFCBD006F6761 /* Release */,
			);
			defaultConfigurationIsVisible = 0;
			defaultConfigurationName = Release;
		};
/* End XCConfigurationList section */
	};
	rootObject = 691F8B182D2AFCBB006F6761 /* Project object */;
}
